{
  "originHash" : "fe80d800fd3546609c8e9654610353e79fda7758e5303f523f9d300219eddff7",
  "pins" : [
    {
      "identity" : "rive-ios",
      "kind" : "remoteSourceControl",
      "location" : "https://github.com/rive-app/rive-ios.git",
      "state" : {
        "revision" : "ee86d79512a5477dcd8eb90fa94566566e91b6ed",
        "version" : "6.3.0"
      }
    }
  ],
  "version" : 3
}
